
Microsoft Visual Studio Solution File, Format Version 12.00
# Visual Studio Version 17
VisualStudioVersion = 17.9.34723.18
MinimumVisualStudioVersion = 10.0.40219.1
Project("{FAE04EC0-301F-11D3-BF4B-00C04F79EFBC}") = "projeto_form_camila", "projeto_form_camila.csproj", "{D277ADDF-4FFB-4E5B-985E-3CFE2C146407}"
EndProject
Global
	GlobalSection(SolutionConfigurationPlatforms) = preSolution
		Debug|Any CPU = Debug|Any CPU
		Release|Any CPU = Release|Any CPU
	EndGlobalSection
	GlobalSection(ProjectConfigurationPlatforms) = postSolution
		{D277ADDF-4FFB-4E5B-985E-3CFE2C146407}.Debug|Any CPU.ActiveCfg = Debug|Any CPU
		{D277ADDF-4FFB-4E5B-985E-3CFE2C146407}.Debug|Any CPU.Build.0 = Debug|Any CPU
		{D277ADDF-4FFB-4E5B-985E-3CFE2C146407}.Release|Any CPU.ActiveCfg = Release|Any CPU
		{D277ADDF-4FFB-4E5B-985E-3CFE2C146407}.Release|Any CPU.Build.0 = Release|Any CPU
	EndGlobalSection
	GlobalSection(SolutionProperties) = preSolution
		HideSolutionNode = FALSE
	EndGlobalSection
	GlobalSection(ExtensibilityGlobals) = postSolution
		SolutionGuid = {65AE6CFB-C2B9-4E9A-A4F7-ED0B3DDAFA8F}
	EndGlobalSection
EndGlobal
